
Microsoft Visual Studio Solution File, Format Version 12.00
# Visual Studio Version 17
VisualStudioVersion = 17.0.31903.59
MinimumVisualStudioVersion = 10.0.40219.1
Project("{2150E333-8FDC-42A3-9474-1A3956D46DE8}") = "exercises", "exercises", "{16B35E30-0048-49DF-A63C-3571B736B1E5}"
EndProject
Project("{2150E333-8FDC-42A3-9474-1A3956D46DE8}") = "root", "root", "{F367FCD3-6CD5-4667-8E24-A2C149DDAA9D}"
	ProjectSection(SolutionItems) = preProject
		README.md = README.md
	EndProjectSection
EndProject
Project("{2150E333-8FDC-42A3-9474-1A3956D46DE8}") = "usingstructs", "usingstructs", "{D0FC75F0-9F0A-4A26-814A-21E8DB789C8E}"
	ProjectSection(SolutionItems) = preProject
		exercises\usingstructs\README.md = exercises\usingstructs\README.md
	EndProjectSection
EndProject
Project("{2150E333-8FDC-42A3-9474-1A3956D46DE8}") = "practice", "practice", "{907C25A4-FB29-4985-B8AA-0001A9FF7152}"
EndProject
Project("{2150E333-8FDC-42A3-9474-1A3956D46DE8}") = "solution", "solution", "{4F0CA1E8-6457-4476-B45D-0BB6BDC0F4CD}"
EndProject
Project("{FAE04EC0-301F-11D3-BF4B-00C04F79EFBC}") = "Application", "exercises\usingstructs\practice\Application\Application.csproj", "{CE0CBEBF-BE97-49B6-8D49-C51101A8CBC0}"
EndProject
Project("{FAE04EC0-301F-11D3-BF4B-00C04F79EFBC}") = "Client", "exercises\usingstructs\practice\Client\Client.csproj", "{37754BE9-607D-4219-9162-1E0C4C3F811C}"
EndProject
Project("{FAE04EC0-301F-11D3-BF4B-00C04F79EFBC}") = "Worker", "exercises\usingstructs\practice\Worker\Worker.csproj", "{E9CF6F5B-9F2D-49F8-AFDA-7EC5264494A5}"
EndProject
Project("{FAE04EC0-301F-11D3-BF4B-00C04F79EFBC}") = "Api", "exercises\usingstructs\practice\Api\Api.csproj", "{F5B3FFBC-5131-436B-BF18-4616D573F72A}"
EndProject
Project("{FAE04EC0-301F-11D3-BF4B-00C04F79EFBC}") = "Worker", "exercises\usingstructs\solution\Worker\Worker.csproj", "{C22A68EA-06B9-4468-B289-C8299A2316B1}"
EndProject
Project("{FAE04EC0-301F-11D3-BF4B-00C04F79EFBC}") = "Client", "exercises\usingstructs\solution\Client\Client.csproj", "{399730D1-48D8-4A7F-9463-731A9736D3AE}"
EndProject
Project("{FAE04EC0-301F-11D3-BF4B-00C04F79EFBC}") = "Application", "exercises\usingstructs\solution\Application\Application.csproj", "{FC0BEEF5-184E-4693-9197-1B861205C631}"
EndProject
Project("{FAE04EC0-301F-11D3-BF4B-00C04F79EFBC}") = "Api", "exercises\usingstructs\solution\Api\Api.csproj", "{E628014B-2FF6-4BF0-B5A9-6BF179146385}"
EndProject
Project("{2150E333-8FDC-42A3-9474-1A3956D46DE8}") = "durableexecution", "durableexecution", "{2E86F4B8-A1AB-45B4-B194-516271F8E300}"
	ProjectSection(SolutionItems) = preProject
		exercises\durableexecution\README.md = exercises\durableexecution\README.md
	EndProjectSection
EndProject
Project("{2150E333-8FDC-42A3-9474-1A3956D46DE8}") = "practice", "practice", "{E50AF71A-F4A6-4C36-96F5-744E55B45E27}"
EndProject
Project("{FAE04EC0-301F-11D3-BF4B-00C04F79EFBC}") = "Worker", "exercises\durableexecution\practice\Worker\Worker.csproj", "{D1C73CF5-6C59-46D0-BFEA-C48B4BC9C5F6}"
EndProject
Project("{FAE04EC0-301F-11D3-BF4B-00C04F79EFBC}") = "Client", "exercises\durableexecution\practice\Client\Client.csproj", "{75992CB6-97DA-421C-89AE-58C520390F70}"
EndProject
Project("{FAE04EC0-301F-11D3-BF4B-00C04F79EFBC}") = "Application", "exercises\durableexecution\practice\Application\Application.csproj", "{AA838AC0-27FE-4F7E-B09B-D9588B012A55}"
EndProject
Project("{FAE04EC0-301F-11D3-BF4B-00C04F79EFBC}") = "Api", "exercises\durableexecution\practice\Api\Api.csproj", "{2AAC9F82-634A-434F-AFE7-7830FE411C8D}"
EndProject
Project("{2150E333-8FDC-42A3-9474-1A3956D46DE8}") = "solution", "solution", "{788AC647-988C-45BF-8BF0-7E65F780A703}"
EndProject
Project("{FAE04EC0-301F-11D3-BF4B-00C04F79EFBC}") = "Worker", "exercises\durableexecution\solution\Worker\Worker.csproj", "{8AD6B9E0-1BC0-42CC-BA26-033B1EC84215}"
EndProject
Project("{FAE04EC0-301F-11D3-BF4B-00C04F79EFBC}") = "Client", "exercises\durableexecution\solution\Client\Client.csproj", "{36ED0316-18C7-4095-99C8-E5E1F6376AD4}"
EndProject
Project("{FAE04EC0-301F-11D3-BF4B-00C04F79EFBC}") = "Application", "exercises\durableexecution\solution\Application\Application.csproj", "{486BDB4C-774B-4E0C-A4E3-DC73D803C415}"
EndProject
Project("{FAE04EC0-301F-11D3-BF4B-00C04F79EFBC}") = "Api", "exercises\durableexecution\solution\Api\Api.csproj", "{60557E09-D5BB-4E4D-8516-819FDD49E9F1}"
EndProject
Global
	GlobalSection(SolutionConfigurationPlatforms) = preSolution
		Debug|Any CPU = Debug|Any CPU
		Release|Any CPU = Release|Any CPU
	EndGlobalSection
	GlobalSection(SolutionProperties) = preSolution
		HideSolutionNode = FALSE
	EndGlobalSection
	GlobalSection(NestedProjects) = preSolution
		{D0FC75F0-9F0A-4A26-814A-21E8DB789C8E} = {16B35E30-0048-49DF-A63C-3571B736B1E5}
		{907C25A4-FB29-4985-B8AA-0001A9FF7152} = {D0FC75F0-9F0A-4A26-814A-21E8DB789C8E}
		{4F0CA1E8-6457-4476-B45D-0BB6BDC0F4CD} = {D0FC75F0-9F0A-4A26-814A-21E8DB789C8E}
		{CE0CBEBF-BE97-49B6-8D49-C51101A8CBC0} = {907C25A4-FB29-4985-B8AA-0001A9FF7152}
		{37754BE9-607D-4219-9162-1E0C4C3F811C} = {907C25A4-FB29-4985-B8AA-0001A9FF7152}
		{E9CF6F5B-9F2D-49F8-AFDA-7EC5264494A5} = {907C25A4-FB29-4985-B8AA-0001A9FF7152}
		{F5B3FFBC-5131-436B-BF18-4616D573F72A} = {907C25A4-FB29-4985-B8AA-0001A9FF7152}
		{C22A68EA-06B9-4468-B289-C8299A2316B1} = {4F0CA1E8-6457-4476-B45D-0BB6BDC0F4CD}
		{399730D1-48D8-4A7F-9463-731A9736D3AE} = {4F0CA1E8-6457-4476-B45D-0BB6BDC0F4CD}
		{FC0BEEF5-184E-4693-9197-1B861205C631} = {4F0CA1E8-6457-4476-B45D-0BB6BDC0F4CD}
		{E628014B-2FF6-4BF0-B5A9-6BF179146385} = {4F0CA1E8-6457-4476-B45D-0BB6BDC0F4CD}
		{2E86F4B8-A1AB-45B4-B194-516271F8E300} = {16B35E30-0048-49DF-A63C-3571B736B1E5}
		{E50AF71A-F4A6-4C36-96F5-744E55B45E27} = {2E86F4B8-A1AB-45B4-B194-516271F8E300}
		{D1C73CF5-6C59-46D0-BFEA-C48B4BC9C5F6} = {E50AF71A-F4A6-4C36-96F5-744E55B45E27}
		{75992CB6-97DA-421C-89AE-58C520390F70} = {E50AF71A-F4A6-4C36-96F5-744E55B45E27}
		{AA838AC0-27FE-4F7E-B09B-D9588B012A55} = {E50AF71A-F4A6-4C36-96F5-744E55B45E27}
		{2AAC9F82-634A-434F-AFE7-7830FE411C8D} = {E50AF71A-F4A6-4C36-96F5-744E55B45E27}
		{788AC647-988C-45BF-8BF0-7E65F780A703} = {2E86F4B8-A1AB-45B4-B194-516271F8E300}
		{8AD6B9E0-1BC0-42CC-BA26-033B1EC84215} = {788AC647-988C-45BF-8BF0-7E65F780A703}
		{36ED0316-18C7-4095-99C8-E5E1F6376AD4} = {788AC647-988C-45BF-8BF0-7E65F780A703}
		{486BDB4C-774B-4E0C-A4E3-DC73D803C415} = {788AC647-988C-45BF-8BF0-7E65F780A703}
		{60557E09-D5BB-4E4D-8516-819FDD49E9F1} = {788AC647-988C-45BF-8BF0-7E65F780A703}
	EndGlobalSection
	GlobalSection(ProjectConfigurationPlatforms) = postSolution
		{CE0CBEBF-BE97-49B6-8D49-C51101A8CBC0}.Debug|Any CPU.ActiveCfg = Debug|Any CPU
		{CE0CBEBF-BE97-49B6-8D49-C51101A8CBC0}.Debug|Any CPU.Build.0 = Debug|Any CPU
		{CE0CBEBF-BE97-49B6-8D49-C51101A8CBC0}.Release|Any CPU.ActiveCfg = Release|Any CPU
		{CE0CBEBF-BE97-49B6-8D49-C51101A8CBC0}.Release|Any CPU.Build.0 = Release|Any CPU
		{37754BE9-607D-4219-9162-1E0C4C3F811C}.Debug|Any CPU.ActiveCfg = Debug|Any CPU
		{37754BE9-607D-4219-9162-1E0C4C3F811C}.Debug|Any CPU.Build.0 = Debug|Any CPU
		{37754BE9-607D-4219-9162-1E0C4C3F811C}.Release|Any CPU.ActiveCfg = Release|Any CPU
		{37754BE9-607D-4219-9162-1E0C4C3F811C}.Release|Any CPU.Build.0 = Release|Any CPU
		{E9CF6F5B-9F2D-49F8-AFDA-7EC5264494A5}.Debug|Any CPU.ActiveCfg = Debug|Any CPU
		{E9CF6F5B-9F2D-49F8-AFDA-7EC5264494A5}.Debug|Any CPU.Build.0 = Debug|Any CPU
		{E9CF6F5B-9F2D-49F8-AFDA-7EC5264494A5}.Release|Any CPU.ActiveCfg = Release|Any CPU
		{E9CF6F5B-9F2D-49F8-AFDA-7EC5264494A5}.Release|Any CPU.Build.0 = Release|Any CPU
		{F5B3FFBC-5131-436B-BF18-4616D573F72A}.Debug|Any CPU.ActiveCfg = Debug|Any CPU
		{F5B3FFBC-5131-436B-BF18-4616D573F72A}.Debug|Any CPU.Build.0 = Debug|Any CPU
		{F5B3FFBC-5131-436B-BF18-4616D573F72A}.Release|Any CPU.ActiveCfg = Release|Any CPU
		{F5B3FFBC-5131-436B-BF18-4616D573F72A}.Release|Any CPU.Build.0 = Release|Any CPU
		{C22A68EA-06B9-4468-B289-C8299A2316B1}.Debug|Any CPU.ActiveCfg = Debug|Any CPU
		{C22A68EA-06B9-4468-B289-C8299A2316B1}.Debug|Any CPU.Build.0 = Debug|Any CPU
		{C22A68EA-06B9-4468-B289-C8299A2316B1}.Release|Any CPU.ActiveCfg = Release|Any CPU
		{C22A68EA-06B9-4468-B289-C8299A2316B1}.Release|Any CPU.Build.0 = Release|Any CPU
		{399730D1-48D8-4A7F-9463-731A9736D3AE}.Debug|Any CPU.ActiveCfg = Debug|Any CPU
		{399730D1-48D8-4A7F-9463-731A9736D3AE}.Debug|Any CPU.Build.0 = Debug|Any CPU
		{399730D1-48D8-4A7F-9463-731A9736D3AE}.Release|Any CPU.ActiveCfg = Release|Any CPU
		{399730D1-48D8-4A7F-9463-731A9736D3AE}.Release|Any CPU.Build.0 = Release|Any CPU
		{FC0BEEF5-184E-4693-9197-1B861205C631}.Debug|Any CPU.ActiveCfg = Debug|Any CPU
		{FC0BEEF5-184E-4693-9197-1B861205C631}.Debug|Any CPU.Build.0 = Debug|Any CPU
		{FC0BEEF5-184E-4693-9197-1B861205C631}.Release|Any CPU.ActiveCfg = Release|Any CPU
		{FC0BEEF5-184E-4693-9197-1B861205C631}.Release|Any CPU.Build.0 = Release|Any CPU
		{E628014B-2FF6-4BF0-B5A9-6BF179146385}.Debug|Any CPU.ActiveCfg = Debug|Any CPU
		{E628014B-2FF6-4BF0-B5A9-6BF179146385}.Debug|Any CPU.Build.0 = Debug|Any CPU
		{E628014B-2FF6-4BF0-B5A9-6BF179146385}.Release|Any CPU.ActiveCfg = Release|Any CPU
		{E628014B-2FF6-4BF0-B5A9-6BF179146385}.Release|Any CPU.Build.0 = Release|Any CPU
		{D1C73CF5-6C59-46D0-BFEA-C48B4BC9C5F6}.Debug|Any CPU.ActiveCfg = Debug|Any CPU
		{D1C73CF5-6C59-46D0-BFEA-C48B4BC9C5F6}.Debug|Any CPU.Build.0 = Debug|Any CPU
		{D1C73CF5-6C59-46D0-BFEA-C48B4BC9C5F6}.Release|Any CPU.ActiveCfg = Release|Any CPU
		{D1C73CF5-6C59-46D0-BFEA-C48B4BC9C5F6}.Release|Any CPU.Build.0 = Release|Any CPU
		{75992CB6-97DA-421C-89AE-58C520390F70}.Debug|Any CPU.ActiveCfg = Debug|Any CPU
		{75992CB6-97DA-421C-89AE-58C520390F70}.Debug|Any CPU.Build.0 = Debug|Any CPU
		{75992CB6-97DA-421C-89AE-58C520390F70}.Release|Any CPU.ActiveCfg = Release|Any CPU
		{75992CB6-97DA-421C-89AE-58C520390F70}.Release|Any CPU.Build.0 = Release|Any CPU
		{AA838AC0-27FE-4F7E-B09B-D9588B012A55}.Debug|Any CPU.ActiveCfg = Debug|Any CPU
		{AA838AC0-27FE-4F7E-B09B-D9588B012A55}.Debug|Any CPU.Build.0 = Debug|Any CPU
		{AA838AC0-27FE-4F7E-B09B-D9588B012A55}.Release|Any CPU.ActiveCfg = Release|Any CPU
		{AA838AC0-27FE-4F7E-B09B-D9588B012A55}.Release|Any CPU.Build.0 = Release|Any CPU
		{2AAC9F82-634A-434F-AFE7-7830FE411C8D}.Debug|Any CPU.ActiveCfg = Debug|Any CPU
		{2AAC9F82-634A-434F-AFE7-7830FE411C8D}.Debug|Any CPU.Build.0 = Debug|Any CPU
		{2AAC9F82-634A-434F-AFE7-7830FE411C8D}.Release|Any CPU.ActiveCfg = Release|Any CPU
		{2AAC9F82-634A-434F-AFE7-7830FE411C8D}.Release|Any CPU.Build.0 = Release|Any CPU
		{8AD6B9E0-1BC0-42CC-BA26-033B1EC84215}.Debug|Any CPU.ActiveCfg = Debug|Any CPU
		{8AD6B9E0-1BC0-42CC-BA26-033B1EC84215}.Debug|Any CPU.Build.0 = Debug|Any CPU
		{8AD6B9E0-1BC0-42CC-BA26-033B1EC84215}.Release|Any CPU.ActiveCfg = Release|Any CPU
		{8AD6B9E0-1BC0-42CC-BA26-033B1EC84215}.Release|Any CPU.Build.0 = Release|Any CPU
		{36ED0316-18C7-4095-99C8-E5E1F6376AD4}.Debug|Any CPU.ActiveCfg = Debug|Any CPU
		{36ED0316-18C7-4095-99C8-E5E1F6376AD4}.Debug|Any CPU.Build.0 = Debug|Any CPU
		{36ED0316-18C7-4095-99C8-E5E1F6376AD4}.Release|Any CPU.ActiveCfg = Release|Any CPU
		{36ED0316-18C7-4095-99C8-E5E1F6376AD4}.Release|Any CPU.Build.0 = Release|Any CPU
		{486BDB4C-774B-4E0C-A4E3-DC73D803C415}.Debug|Any CPU.ActiveCfg = Debug|Any CPU
		{486BDB4C-774B-4E0C-A4E3-DC73D803C415}.Debug|Any CPU.Build.0 = Debug|Any CPU
		{486BDB4C-774B-4E0C-A4E3-DC73D803C415}.Release|Any CPU.ActiveCfg = Release|Any CPU
		{486BDB4C-774B-4E0C-A4E3-DC73D803C415}.Release|Any CPU.Build.0 = Release|Any CPU
		{60557E09-D5BB-4E4D-8516-819FDD49E9F1}.Debug|Any CPU.ActiveCfg = Debug|Any CPU
		{60557E09-D5BB-4E4D-8516-819FDD49E9F1}.Debug|Any CPU.Build.0 = Debug|Any CPU
		{60557E09-D5BB-4E4D-8516-819FDD49E9F1}.Release|Any CPU.ActiveCfg = Release|Any CPU
		{60557E09-D5BB-4E4D-8516-819FDD49E9F1}.Release|Any CPU.Build.0 = Release|Any CPU
	EndGlobalSection
EndGlobal
