
Microsoft Visual Studio Solution File, Format Version 12.00
# Visual Studio Version 17
VisualStudioVersion = 17.0.31903.59
MinimumVisualStudioVersion = 10.0.40219.1
Project("{2150E333-8FDC-42A3-9474-1A3956D46DE8}") = "exercises", "exercises", "{16B35E30-0048-49DF-A63C-3571B736B1E5}"
EndProject
Project("{2150E333-8FDC-42A3-9474-1A3956D46DE8}") = "root", "root", "{F367FCD3-6CD5-4667-8E24-A2C149DDAA9D}"
	ProjectSection(SolutionItems) = preProject
		README.md = README.md
	EndProjectSection
EndProject
Project("{2150E333-8FDC-42A3-9474-1A3956D46DE8}") = "usingstructs", "usingstructs", "{D0FC75F0-9F0A-4A26-814A-21E8DB789C8E}"
	ProjectSection(SolutionItems) = preProject
		exercises\usingstructs\README.md = exercises\usingstructs\README.md
	EndProjectSection
EndProject
Project("{2150E333-8FDC-42A3-9474-1A3956D46DE8}") = "practice", "practice", "{907C25A4-FB29-4985-B8AA-0001A9FF7152}"
EndProject
Project("{2150E333-8FDC-42A3-9474-1A3956D46DE8}") = "solution", "solution", "{4F0CA1E8-6457-4476-B45D-0BB6BDC0F4CD}"
EndProject
Project("{FAE04EC0-301F-11D3-BF4B-00C04F79EFBC}") = "Application", "exercises\usingstructs\practice\Application\Application.csproj", "{CE0CBEBF-BE97-49B6-8D49-C51101A8CBC0}"
EndProject
Project("{FAE04EC0-301F-11D3-BF4B-00C04F79EFBC}") = "Client", "exercises\usingstructs\practice\Client\Client.csproj", "{37754BE9-607D-4219-9162-1E0C4C3F811C}"
EndProject
Project("{FAE04EC0-301F-11D3-BF4B-00C04F79EFBC}") = "Worker", "exercises\usingstructs\practice\Worker\Worker.csproj", "{E9CF6F5B-9F2D-49F8-AFDA-7EC5264494A5}"
EndProject
Project("{FAE04EC0-301F-11D3-BF4B-00C04F79EFBC}") = "Api", "exercises\usingstructs\practice\Api\Api.csproj", "{F5B3FFBC-5131-436B-BF18-4616D573F72A}"
EndProject
Project("{FAE04EC0-301F-11D3-BF4B-00C04F79EFBC}") = "Worker", "exercises\usingstructs\solution\Worker\Worker.csproj", "{C22A68EA-06B9-4468-B289-C8299A2316B1}"
EndProject
Project("{FAE04EC0-301F-11D3-BF4B-00C04F79EFBC}") = "Client", "exercises\usingstructs\solution\Client\Client.csproj", "{399730D1-48D8-4A7F-9463-731A9736D3AE}"
EndProject
Project("{FAE04EC0-301F-11D3-BF4B-00C04F79EFBC}") = "Application", "exercises\usingstructs\solution\Application\Application.csproj", "{FC0BEEF5-184E-4693-9197-1B861205C631}"
EndProject
Project("{FAE04EC0-301F-11D3-BF4B-00C04F79EFBC}") = "Api", "exercises\usingstructs\solution\Api\Api.csproj", "{E628014B-2FF6-4BF0-B5A9-6BF179146385}"
EndProject
Project("{2150E333-8FDC-42A3-9474-1A3956D46DE8}") = "durableexecution", "durableexecution", "{2E86F4B8-A1AB-45B4-B194-516271F8E300}"
	ProjectSection(SolutionItems) = preProject
		exercises\durableexecution\README.md = exercises\durableexecution\README.md
	EndProjectSection
EndProject
Project("{2150E333-8FDC-42A3-9474-1A3956D46DE8}") = "practice", "practice", "{E50AF71A-F4A6-4C36-96F5-744E55B45E27}"
EndProject
Project("{FAE04EC0-301F-11D3-BF4B-00C04F79EFBC}") = "Worker", "exercises\durableexecution\practice\Worker\Worker.csproj", "{D1C73CF5-6C59-46D0-BFEA-C48B4BC9C5F6}"
EndProject
Project("{FAE04EC0-301F-11D3-BF4B-00C04F79EFBC}") = "Client", "exercises\durableexecution\practice\Client\Client.csproj", "{75992CB6-97DA-421C-89AE-58C520390F70}"
EndProject
Project("{FAE04EC0-301F-11D3-BF4B-00C04F79EFBC}") = "Application", "exercises\durableexecution\practice\Application\Application.csproj", "{AA838AC0-27FE-4F7E-B09B-D9588B012A55}"
EndProject
Project("{FAE04EC0-301F-11D3-BF4B-00C04F79EFBC}") = "Api", "exercises\durableexecution\practice\Api\Api.csproj", "{2AAC9F82-634A-434F-AFE7-7830FE411C8D}"
EndProject
Project("{2150E333-8FDC-42A3-9474-1A3956D46DE8}") = "solution", "solution", "{788AC647-988C-45BF-8BF0-7E65F780A703}"
EndProject
Project("{FAE04EC0-301F-11D3-BF4B-00C04F79EFBC}") = "Worker", "exercises\durableexecution\solution\Worker\Worker.csproj", "{8AD6B9E0-1BC0-42CC-BA26-033B1EC84215}"
EndProject
Project("{FAE04EC0-301F-11D3-BF4B-00C04F79EFBC}") = "Client", "exercises\durableexecution\solution\Client\Client.csproj", "{36ED0316-18C7-4095-99C8-E5E1F6376AD4}"
EndProject
Project("{FAE04EC0-301F-11D3-BF4B-00C04F79EFBC}") = "Application", "exercises\durableexecution\solution\Application\Application.csproj", "{486BDB4C-774B-4E0C-A4E3-DC73D803C415}"
EndProject
Project("{FAE04EC0-301F-11D3-BF4B-00C04F79EFBC}") = "Api", "exercises\durableexecution\solution\Api\Api.csproj", "{60557E09-D5BB-4E4D-8516-819FDD49E9F1}"
EndProject
Project("{2150E333-8FDC-42A3-9474-1A3956D46DE8}") = "testingcode", "testingcode", "{632A8C69-27C6-4650-A148-48FF1F634829}"
	ProjectSection(SolutionItems) = preProject
		exercises\testingcode\README.md = exercises\testingcode\README.md
	EndProjectSection
EndProject
Project("{2150E333-8FDC-42A3-9474-1A3956D46DE8}") = "practice", "practice", "{38DB3C90-9175-4A95-9040-28DB2EBD3EF4}"
EndProject
Project("{FAE04EC0-301F-11D3-BF4B-00C04F79EFBC}") = "Worker", "exercises\testingcode\practice\Worker\Worker.csproj", "{6B9A06C7-B075-4027-9353-953DE4F6A63E}"
EndProject
Project("{FAE04EC0-301F-11D3-BF4B-00C04F79EFBC}") = "Client", "exercises\testingcode\practice\Client\Client.csproj", "{0537B8CB-1646-415D-86FC-D26BE78B4484}"
EndProject
Project("{FAE04EC0-301F-11D3-BF4B-00C04F79EFBC}") = "Application", "exercises\testingcode\practice\Application\Application.csproj", "{C8DEC15C-23E9-498A-AB38-561C5DAB9523}"
EndProject
Project("{FAE04EC0-301F-11D3-BF4B-00C04F79EFBC}") = "Api", "exercises\testingcode\practice\Api\Api.csproj", "{330CBFF4-41EE-4DC6-A1D9-BADD8C52FCA9}"
EndProject
Project("{FAE04EC0-301F-11D3-BF4B-00C04F79EFBC}") = "Test", "exercises\testingcode\practice\Test\Test.csproj", "{47C5E714-C234-46DE-9A98-634EDA9E4A64}"
EndProject
Project("{2150E333-8FDC-42A3-9474-1A3956D46DE8}") = "solution", "solution", "{732D3B42-2C11-4445-9973-234A6E62F7F4}"
EndProject
Project("{FAE04EC0-301F-11D3-BF4B-00C04F79EFBC}") = "Worker", "exercises\testingcode\solution\Worker\Worker.csproj", "{CC0C4A11-87B3-4596-B52F-4D030B975683}"
EndProject
Project("{FAE04EC0-301F-11D3-BF4B-00C04F79EFBC}") = "Test", "exercises\testingcode\solution\Test\Test.csproj", "{9573F82C-6806-489E-9134-9F9BCAD36053}"
EndProject
Project("{FAE04EC0-301F-11D3-BF4B-00C04F79EFBC}") = "Client", "exercises\testingcode\solution\Client\Client.csproj", "{E4EEFCC9-5EB1-4F7A-9E1B-7FEF9D399B07}"
EndProject
Project("{FAE04EC0-301F-11D3-BF4B-00C04F79EFBC}") = "Application", "exercises\testingcode\solution\Application\Application.csproj", "{0E4B84DD-102B-456A-82D4-2ED8E32BBE12}"
EndProject
Project("{FAE04EC0-301F-11D3-BF4B-00C04F79EFBC}") = "Api", "exercises\testingcode\solution\Api\Api.csproj", "{1AE0734B-6EB4-4F2F-927E-FF3DD7788D24}"
EndProject
Project("{2150E333-8FDC-42A3-9474-1A3956D46DE8}") = "debugactivity", "debugactivity", "{A04792C7-B342-4D94-9A30-508FACA00E57}"
	ProjectSection(SolutionItems) = preProject
		exercises\debugactivity\README.md = exercises\debugactivity\README.md
	EndProjectSection
EndProject
Project("{2150E333-8FDC-42A3-9474-1A3956D46DE8}") = "practice", "practice", "{D4DA5E0D-1D23-4B1E-85E9-905A28EF2F2E}"
EndProject
Project("{FAE04EC0-301F-11D3-BF4B-00C04F79EFBC}") = "Application", "exercises\debugactivity\practice\Application\Application.csproj", "{90697C02-E443-4FE9-92CF-84F702B8169C}"
EndProject
Project("{FAE04EC0-301F-11D3-BF4B-00C04F79EFBC}") = "Client", "exercises\debugactivity\practice\Client\Client.csproj", "{8DDE48D6-A7A3-4CEA-9ADC-F4EE19A063EF}"
EndProject
Project("{FAE04EC0-301F-11D3-BF4B-00C04F79EFBC}") = "Worker", "exercises\debugactivity\practice\Worker\Worker.csproj", "{9E85B569-DDD5-4CB0-9875-A164D95F510C}"
EndProject
Project("{FAE04EC0-301F-11D3-BF4B-00C04F79EFBC}") = "Test", "exercises\debugactivity\practice\Test\Test.csproj", "{BBEB598A-03F6-482A-B011-4339217B62D2}"
EndProject
Project("{2150E333-8FDC-42A3-9474-1A3956D46DE8}") = "solution", "solution", "{68ED6BD0-8B97-4C81-BCAE-08492776797D}"
EndProject
Project("{FAE04EC0-301F-11D3-BF4B-00C04F79EFBC}") = "Worker", "exercises\debugactivity\solution\Worker\Worker.csproj", "{D24C6CC3-9A5E-4AC8-8DE0-A18A0E37A098}"
EndProject
Project("{FAE04EC0-301F-11D3-BF4B-00C04F79EFBC}") = "Test", "exercises\debugactivity\solution\Test\Test.csproj", "{76067D73-6A06-4B6C-A00E-D6DDABA59104}"
EndProject
Project("{FAE04EC0-301F-11D3-BF4B-00C04F79EFBC}") = "Client", "exercises\debugactivity\solution\Client\Client.csproj", "{BE261637-5BF1-422F-B809-67ABD3910DBE}"
EndProject
Project("{FAE04EC0-301F-11D3-BF4B-00C04F79EFBC}") = "Application", "exercises\debugactivity\solution\Application\Application.csproj", "{AEB86C96-B0D1-430E-87FC-D26B3F4B7088}"
EndProject
Project("{2150E333-8FDC-42A3-9474-1A3956D46DE8}") = "versionworkflow", "versionworkflow", "{B9633393-A618-4343-913F-CB2DE098F0B8}"
	ProjectSection(SolutionItems) = preProject
		exercises\versionworkflow\README.md = exercises\versionworkflow\README.md
	EndProjectSection
EndProject
Project("{2150E333-8FDC-42A3-9474-1A3956D46DE8}") = "practice", "practice", "{CE118BA6-B460-4405-B28C-7536583A9F98}"
EndProject
Project("{FAE04EC0-301F-11D3-BF4B-00C04F79EFBC}") = "Worker", "exercises\versionworkflow\practice\Worker\Worker.csproj", "{83082F77-55F3-4BB8-A86A-9676CC1AB03A}"
EndProject
Project("{FAE04EC0-301F-11D3-BF4B-00C04F79EFBC}") = "Test", "exercises\versionworkflow\practice\Test\Test.csproj", "{7A35B110-6C03-475C-B2A6-E87DCAFC76BF}"
EndProject
Project("{FAE04EC0-301F-11D3-BF4B-00C04F79EFBC}") = "Client", "exercises\versionworkflow\practice\Client\Client.csproj", "{82F6231D-4517-426E-BEBA-3BFD6E0C8C73}"
EndProject
Project("{FAE04EC0-301F-11D3-BF4B-00C04F79EFBC}") = "Application", "exercises\versionworkflow\practice\Application\Application.csproj", "{96ED02F7-0E49-49EC-9808-1061FF9D2330}"
EndProject
Project("{2150E333-8FDC-42A3-9474-1A3956D46DE8}") = "solution", "solution", "{0A8566A2-3985-4C79-85F2-5AA5BB57C92C}"
EndProject
Project("{FAE04EC0-301F-11D3-BF4B-00C04F79EFBC}") = "Worker", "exercises\versionworkflow\solution\Worker\Worker.csproj", "{A2945BA2-190D-4587-B348-826E4A72722B}"
EndProject
Project("{FAE04EC0-301F-11D3-BF4B-00C04F79EFBC}") = "Test", "exercises\versionworkflow\solution\Test\Test.csproj", "{A08F19AA-889D-428C-B6A3-C65FC776D110}"
EndProject
Project("{FAE04EC0-301F-11D3-BF4B-00C04F79EFBC}") = "Client", "exercises\versionworkflow\solution\Client\Client.csproj", "{8413F9B8-54AE-494E-A55B-60248268167B}"
EndProject
Project("{FAE04EC0-301F-11D3-BF4B-00C04F79EFBC}") = "Application", "exercises\versionworkflow\solution\Application\Application.csproj", "{6E149223-4684-445F-877F-69A0ABFE1DFF}"
EndProject
Global
	GlobalSection(SolutionConfigurationPlatforms) = preSolution
		Debug|Any CPU = Debug|Any CPU
		Release|Any CPU = Release|Any CPU
	EndGlobalSection
	GlobalSection(SolutionProperties) = preSolution
		HideSolutionNode = FALSE
	EndGlobalSection
	GlobalSection(NestedProjects) = preSolution
		{D0FC75F0-9F0A-4A26-814A-21E8DB789C8E} = {16B35E30-0048-49DF-A63C-3571B736B1E5}
		{907C25A4-FB29-4985-B8AA-0001A9FF7152} = {D0FC75F0-9F0A-4A26-814A-21E8DB789C8E}
		{4F0CA1E8-6457-4476-B45D-0BB6BDC0F4CD} = {D0FC75F0-9F0A-4A26-814A-21E8DB789C8E}
		{CE0CBEBF-BE97-49B6-8D49-C51101A8CBC0} = {907C25A4-FB29-4985-B8AA-0001A9FF7152}
		{37754BE9-607D-4219-9162-1E0C4C3F811C} = {907C25A4-FB29-4985-B8AA-0001A9FF7152}
		{E9CF6F5B-9F2D-49F8-AFDA-7EC5264494A5} = {907C25A4-FB29-4985-B8AA-0001A9FF7152}
		{F5B3FFBC-5131-436B-BF18-4616D573F72A} = {907C25A4-FB29-4985-B8AA-0001A9FF7152}
		{C22A68EA-06B9-4468-B289-C8299A2316B1} = {4F0CA1E8-6457-4476-B45D-0BB6BDC0F4CD}
		{399730D1-48D8-4A7F-9463-731A9736D3AE} = {4F0CA1E8-6457-4476-B45D-0BB6BDC0F4CD}
		{FC0BEEF5-184E-4693-9197-1B861205C631} = {4F0CA1E8-6457-4476-B45D-0BB6BDC0F4CD}
		{E628014B-2FF6-4BF0-B5A9-6BF179146385} = {4F0CA1E8-6457-4476-B45D-0BB6BDC0F4CD}
		{2E86F4B8-A1AB-45B4-B194-516271F8E300} = {16B35E30-0048-49DF-A63C-3571B736B1E5}
		{E50AF71A-F4A6-4C36-96F5-744E55B45E27} = {2E86F4B8-A1AB-45B4-B194-516271F8E300}
		{D1C73CF5-6C59-46D0-BFEA-C48B4BC9C5F6} = {E50AF71A-F4A6-4C36-96F5-744E55B45E27}
		{75992CB6-97DA-421C-89AE-58C520390F70} = {E50AF71A-F4A6-4C36-96F5-744E55B45E27}
		{AA838AC0-27FE-4F7E-B09B-D9588B012A55} = {E50AF71A-F4A6-4C36-96F5-744E55B45E27}
		{2AAC9F82-634A-434F-AFE7-7830FE411C8D} = {E50AF71A-F4A6-4C36-96F5-744E55B45E27}
		{788AC647-988C-45BF-8BF0-7E65F780A703} = {2E86F4B8-A1AB-45B4-B194-516271F8E300}
		{8AD6B9E0-1BC0-42CC-BA26-033B1EC84215} = {788AC647-988C-45BF-8BF0-7E65F780A703}
		{36ED0316-18C7-4095-99C8-E5E1F6376AD4} = {788AC647-988C-45BF-8BF0-7E65F780A703}
		{486BDB4C-774B-4E0C-A4E3-DC73D803C415} = {788AC647-988C-45BF-8BF0-7E65F780A703}
		{60557E09-D5BB-4E4D-8516-819FDD49E9F1} = {788AC647-988C-45BF-8BF0-7E65F780A703}
		{632A8C69-27C6-4650-A148-48FF1F634829} = {16B35E30-0048-49DF-A63C-3571B736B1E5}
		{38DB3C90-9175-4A95-9040-28DB2EBD3EF4} = {632A8C69-27C6-4650-A148-48FF1F634829}
		{6B9A06C7-B075-4027-9353-953DE4F6A63E} = {38DB3C90-9175-4A95-9040-28DB2EBD3EF4}
		{0537B8CB-1646-415D-86FC-D26BE78B4484} = {38DB3C90-9175-4A95-9040-28DB2EBD3EF4}
		{C8DEC15C-23E9-498A-AB38-561C5DAB9523} = {38DB3C90-9175-4A95-9040-28DB2EBD3EF4}
		{330CBFF4-41EE-4DC6-A1D9-BADD8C52FCA9} = {38DB3C90-9175-4A95-9040-28DB2EBD3EF4}
		{47C5E714-C234-46DE-9A98-634EDA9E4A64} = {38DB3C90-9175-4A95-9040-28DB2EBD3EF4}
		{732D3B42-2C11-4445-9973-234A6E62F7F4} = {632A8C69-27C6-4650-A148-48FF1F634829}
		{CC0C4A11-87B3-4596-B52F-4D030B975683} = {732D3B42-2C11-4445-9973-234A6E62F7F4}
		{9573F82C-6806-489E-9134-9F9BCAD36053} = {732D3B42-2C11-4445-9973-234A6E62F7F4}
		{E4EEFCC9-5EB1-4F7A-9E1B-7FEF9D399B07} = {732D3B42-2C11-4445-9973-234A6E62F7F4}
		{0E4B84DD-102B-456A-82D4-2ED8E32BBE12} = {732D3B42-2C11-4445-9973-234A6E62F7F4}
		{1AE0734B-6EB4-4F2F-927E-FF3DD7788D24} = {732D3B42-2C11-4445-9973-234A6E62F7F4}
		{A04792C7-B342-4D94-9A30-508FACA00E57} = {16B35E30-0048-49DF-A63C-3571B736B1E5}
		{D4DA5E0D-1D23-4B1E-85E9-905A28EF2F2E} = {A04792C7-B342-4D94-9A30-508FACA00E57}
		{90697C02-E443-4FE9-92CF-84F702B8169C} = {D4DA5E0D-1D23-4B1E-85E9-905A28EF2F2E}
		{8DDE48D6-A7A3-4CEA-9ADC-F4EE19A063EF} = {D4DA5E0D-1D23-4B1E-85E9-905A28EF2F2E}
		{9E85B569-DDD5-4CB0-9875-A164D95F510C} = {D4DA5E0D-1D23-4B1E-85E9-905A28EF2F2E}
		{BBEB598A-03F6-482A-B011-4339217B62D2} = {D4DA5E0D-1D23-4B1E-85E9-905A28EF2F2E}
		{68ED6BD0-8B97-4C81-BCAE-08492776797D} = {A04792C7-B342-4D94-9A30-508FACA00E57}
		{D24C6CC3-9A5E-4AC8-8DE0-A18A0E37A098} = {68ED6BD0-8B97-4C81-BCAE-08492776797D}
		{76067D73-6A06-4B6C-A00E-D6DDABA59104} = {68ED6BD0-8B97-4C81-BCAE-08492776797D}
		{BE261637-5BF1-422F-B809-67ABD3910DBE} = {68ED6BD0-8B97-4C81-BCAE-08492776797D}
		{AEB86C96-B0D1-430E-87FC-D26B3F4B7088} = {68ED6BD0-8B97-4C81-BCAE-08492776797D}
		{B9633393-A618-4343-913F-CB2DE098F0B8} = {16B35E30-0048-49DF-A63C-3571B736B1E5}
		{CE118BA6-B460-4405-B28C-7536583A9F98} = {B9633393-A618-4343-913F-CB2DE098F0B8}
		{83082F77-55F3-4BB8-A86A-9676CC1AB03A} = {CE118BA6-B460-4405-B28C-7536583A9F98}
		{7A35B110-6C03-475C-B2A6-E87DCAFC76BF} = {CE118BA6-B460-4405-B28C-7536583A9F98}
		{82F6231D-4517-426E-BEBA-3BFD6E0C8C73} = {CE118BA6-B460-4405-B28C-7536583A9F98}
		{96ED02F7-0E49-49EC-9808-1061FF9D2330} = {CE118BA6-B460-4405-B28C-7536583A9F98}
		{0A8566A2-3985-4C79-85F2-5AA5BB57C92C} = {B9633393-A618-4343-913F-CB2DE098F0B8}
		{A2945BA2-190D-4587-B348-826E4A72722B} = {0A8566A2-3985-4C79-85F2-5AA5BB57C92C}
		{A08F19AA-889D-428C-B6A3-C65FC776D110} = {0A8566A2-3985-4C79-85F2-5AA5BB57C92C}
		{8413F9B8-54AE-494E-A55B-60248268167B} = {0A8566A2-3985-4C79-85F2-5AA5BB57C92C}
		{6E149223-4684-445F-877F-69A0ABFE1DFF} = {0A8566A2-3985-4C79-85F2-5AA5BB57C92C}
	EndGlobalSection
	GlobalSection(ProjectConfigurationPlatforms) = postSolution
		{CE0CBEBF-BE97-49B6-8D49-C51101A8CBC0}.Debug|Any CPU.ActiveCfg = Debug|Any CPU
		{CE0CBEBF-BE97-49B6-8D49-C51101A8CBC0}.Debug|Any CPU.Build.0 = Debug|Any CPU
		{CE0CBEBF-BE97-49B6-8D49-C51101A8CBC0}.Release|Any CPU.ActiveCfg = Release|Any CPU
		{CE0CBEBF-BE97-49B6-8D49-C51101A8CBC0}.Release|Any CPU.Build.0 = Release|Any CPU
		{37754BE9-607D-4219-9162-1E0C4C3F811C}.Debug|Any CPU.ActiveCfg = Debug|Any CPU
		{37754BE9-607D-4219-9162-1E0C4C3F811C}.Debug|Any CPU.Build.0 = Debug|Any CPU
		{37754BE9-607D-4219-9162-1E0C4C3F811C}.Release|Any CPU.ActiveCfg = Release|Any CPU
		{37754BE9-607D-4219-9162-1E0C4C3F811C}.Release|Any CPU.Build.0 = Release|Any CPU
		{E9CF6F5B-9F2D-49F8-AFDA-7EC5264494A5}.Debug|Any CPU.ActiveCfg = Debug|Any CPU
		{E9CF6F5B-9F2D-49F8-AFDA-7EC5264494A5}.Debug|Any CPU.Build.0 = Debug|Any CPU
		{E9CF6F5B-9F2D-49F8-AFDA-7EC5264494A5}.Release|Any CPU.ActiveCfg = Release|Any CPU
		{E9CF6F5B-9F2D-49F8-AFDA-7EC5264494A5}.Release|Any CPU.Build.0 = Release|Any CPU
		{F5B3FFBC-5131-436B-BF18-4616D573F72A}.Debug|Any CPU.ActiveCfg = Debug|Any CPU
		{F5B3FFBC-5131-436B-BF18-4616D573F72A}.Debug|Any CPU.Build.0 = Debug|Any CPU
		{F5B3FFBC-5131-436B-BF18-4616D573F72A}.Release|Any CPU.ActiveCfg = Release|Any CPU
		{F5B3FFBC-5131-436B-BF18-4616D573F72A}.Release|Any CPU.Build.0 = Release|Any CPU
		{C22A68EA-06B9-4468-B289-C8299A2316B1}.Debug|Any CPU.ActiveCfg = Debug|Any CPU
		{C22A68EA-06B9-4468-B289-C8299A2316B1}.Debug|Any CPU.Build.0 = Debug|Any CPU
		{C22A68EA-06B9-4468-B289-C8299A2316B1}.Release|Any CPU.ActiveCfg = Release|Any CPU
		{C22A68EA-06B9-4468-B289-C8299A2316B1}.Release|Any CPU.Build.0 = Release|Any CPU
		{399730D1-48D8-4A7F-9463-731A9736D3AE}.Debug|Any CPU.ActiveCfg = Debug|Any CPU
		{399730D1-48D8-4A7F-9463-731A9736D3AE}.Debug|Any CPU.Build.0 = Debug|Any CPU
		{399730D1-48D8-4A7F-9463-731A9736D3AE}.Release|Any CPU.ActiveCfg = Release|Any CPU
		{399730D1-48D8-4A7F-9463-731A9736D3AE}.Release|Any CPU.Build.0 = Release|Any CPU
		{FC0BEEF5-184E-4693-9197-1B861205C631}.Debug|Any CPU.ActiveCfg = Debug|Any CPU
		{FC0BEEF5-184E-4693-9197-1B861205C631}.Debug|Any CPU.Build.0 = Debug|Any CPU
		{FC0BEEF5-184E-4693-9197-1B861205C631}.Release|Any CPU.ActiveCfg = Release|Any CPU
		{FC0BEEF5-184E-4693-9197-1B861205C631}.Release|Any CPU.Build.0 = Release|Any CPU
		{E628014B-2FF6-4BF0-B5A9-6BF179146385}.Debug|Any CPU.ActiveCfg = Debug|Any CPU
		{E628014B-2FF6-4BF0-B5A9-6BF179146385}.Debug|Any CPU.Build.0 = Debug|Any CPU
		{E628014B-2FF6-4BF0-B5A9-6BF179146385}.Release|Any CPU.ActiveCfg = Release|Any CPU
		{E628014B-2FF6-4BF0-B5A9-6BF179146385}.Release|Any CPU.Build.0 = Release|Any CPU
		{D1C73CF5-6C59-46D0-BFEA-C48B4BC9C5F6}.Debug|Any CPU.ActiveCfg = Debug|Any CPU
		{D1C73CF5-6C59-46D0-BFEA-C48B4BC9C5F6}.Debug|Any CPU.Build.0 = Debug|Any CPU
		{D1C73CF5-6C59-46D0-BFEA-C48B4BC9C5F6}.Release|Any CPU.ActiveCfg = Release|Any CPU
		{D1C73CF5-6C59-46D0-BFEA-C48B4BC9C5F6}.Release|Any CPU.Build.0 = Release|Any CPU
		{75992CB6-97DA-421C-89AE-58C520390F70}.Debug|Any CPU.ActiveCfg = Debug|Any CPU
		{75992CB6-97DA-421C-89AE-58C520390F70}.Debug|Any CPU.Build.0 = Debug|Any CPU
		{75992CB6-97DA-421C-89AE-58C520390F70}.Release|Any CPU.ActiveCfg = Release|Any CPU
		{75992CB6-97DA-421C-89AE-58C520390F70}.Release|Any CPU.Build.0 = Release|Any CPU
		{AA838AC0-27FE-4F7E-B09B-D9588B012A55}.Debug|Any CPU.ActiveCfg = Debug|Any CPU
		{AA838AC0-27FE-4F7E-B09B-D9588B012A55}.Debug|Any CPU.Build.0 = Debug|Any CPU
		{AA838AC0-27FE-4F7E-B09B-D9588B012A55}.Release|Any CPU.ActiveCfg = Release|Any CPU
		{AA838AC0-27FE-4F7E-B09B-D9588B012A55}.Release|Any CPU.Build.0 = Release|Any CPU
		{2AAC9F82-634A-434F-AFE7-7830FE411C8D}.Debug|Any CPU.ActiveCfg = Debug|Any CPU
		{2AAC9F82-634A-434F-AFE7-7830FE411C8D}.Debug|Any CPU.Build.0 = Debug|Any CPU
		{2AAC9F82-634A-434F-AFE7-7830FE411C8D}.Release|Any CPU.ActiveCfg = Release|Any CPU
		{2AAC9F82-634A-434F-AFE7-7830FE411C8D}.Release|Any CPU.Build.0 = Release|Any CPU
		{8AD6B9E0-1BC0-42CC-BA26-033B1EC84215}.Debug|Any CPU.ActiveCfg = Debug|Any CPU
		{8AD6B9E0-1BC0-42CC-BA26-033B1EC84215}.Debug|Any CPU.Build.0 = Debug|Any CPU
		{8AD6B9E0-1BC0-42CC-BA26-033B1EC84215}.Release|Any CPU.ActiveCfg = Release|Any CPU
		{8AD6B9E0-1BC0-42CC-BA26-033B1EC84215}.Release|Any CPU.Build.0 = Release|Any CPU
		{36ED0316-18C7-4095-99C8-E5E1F6376AD4}.Debug|Any CPU.ActiveCfg = Debug|Any CPU
		{36ED0316-18C7-4095-99C8-E5E1F6376AD4}.Debug|Any CPU.Build.0 = Debug|Any CPU
		{36ED0316-18C7-4095-99C8-E5E1F6376AD4}.Release|Any CPU.ActiveCfg = Release|Any CPU
		{36ED0316-18C7-4095-99C8-E5E1F6376AD4}.Release|Any CPU.Build.0 = Release|Any CPU
		{486BDB4C-774B-4E0C-A4E3-DC73D803C415}.Debug|Any CPU.ActiveCfg = Debug|Any CPU
		{486BDB4C-774B-4E0C-A4E3-DC73D803C415}.Debug|Any CPU.Build.0 = Debug|Any CPU
		{486BDB4C-774B-4E0C-A4E3-DC73D803C415}.Release|Any CPU.ActiveCfg = Release|Any CPU
		{486BDB4C-774B-4E0C-A4E3-DC73D803C415}.Release|Any CPU.Build.0 = Release|Any CPU
		{60557E09-D5BB-4E4D-8516-819FDD49E9F1}.Debug|Any CPU.ActiveCfg = Debug|Any CPU
		{60557E09-D5BB-4E4D-8516-819FDD49E9F1}.Debug|Any CPU.Build.0 = Debug|Any CPU
		{60557E09-D5BB-4E4D-8516-819FDD49E9F1}.Release|Any CPU.ActiveCfg = Release|Any CPU
		{60557E09-D5BB-4E4D-8516-819FDD49E9F1}.Release|Any CPU.Build.0 = Release|Any CPU
		{6B9A06C7-B075-4027-9353-953DE4F6A63E}.Debug|Any CPU.ActiveCfg = Debug|Any CPU
		{6B9A06C7-B075-4027-9353-953DE4F6A63E}.Debug|Any CPU.Build.0 = Debug|Any CPU
		{6B9A06C7-B075-4027-9353-953DE4F6A63E}.Release|Any CPU.ActiveCfg = Release|Any CPU
		{6B9A06C7-B075-4027-9353-953DE4F6A63E}.Release|Any CPU.Build.0 = Release|Any CPU
		{0537B8CB-1646-415D-86FC-D26BE78B4484}.Debug|Any CPU.ActiveCfg = Debug|Any CPU
		{0537B8CB-1646-415D-86FC-D26BE78B4484}.Debug|Any CPU.Build.0 = Debug|Any CPU
		{0537B8CB-1646-415D-86FC-D26BE78B4484}.Release|Any CPU.ActiveCfg = Release|Any CPU
		{0537B8CB-1646-415D-86FC-D26BE78B4484}.Release|Any CPU.Build.0 = Release|Any CPU
		{C8DEC15C-23E9-498A-AB38-561C5DAB9523}.Debug|Any CPU.ActiveCfg = Debug|Any CPU
		{C8DEC15C-23E9-498A-AB38-561C5DAB9523}.Debug|Any CPU.Build.0 = Debug|Any CPU
		{C8DEC15C-23E9-498A-AB38-561C5DAB9523}.Release|Any CPU.ActiveCfg = Release|Any CPU
		{C8DEC15C-23E9-498A-AB38-561C5DAB9523}.Release|Any CPU.Build.0 = Release|Any CPU
		{330CBFF4-41EE-4DC6-A1D9-BADD8C52FCA9}.Debug|Any CPU.ActiveCfg = Debug|Any CPU
		{330CBFF4-41EE-4DC6-A1D9-BADD8C52FCA9}.Debug|Any CPU.Build.0 = Debug|Any CPU
		{330CBFF4-41EE-4DC6-A1D9-BADD8C52FCA9}.Release|Any CPU.ActiveCfg = Release|Any CPU
		{330CBFF4-41EE-4DC6-A1D9-BADD8C52FCA9}.Release|Any CPU.Build.0 = Release|Any CPU
		{47C5E714-C234-46DE-9A98-634EDA9E4A64}.Debug|Any CPU.ActiveCfg = Debug|Any CPU
		{47C5E714-C234-46DE-9A98-634EDA9E4A64}.Debug|Any CPU.Build.0 = Debug|Any CPU
		{47C5E714-C234-46DE-9A98-634EDA9E4A64}.Release|Any CPU.ActiveCfg = Release|Any CPU
		{47C5E714-C234-46DE-9A98-634EDA9E4A64}.Release|Any CPU.Build.0 = Release|Any CPU
		{CC0C4A11-87B3-4596-B52F-4D030B975683}.Debug|Any CPU.ActiveCfg = Debug|Any CPU
		{CC0C4A11-87B3-4596-B52F-4D030B975683}.Debug|Any CPU.Build.0 = Debug|Any CPU
		{CC0C4A11-87B3-4596-B52F-4D030B975683}.Release|Any CPU.ActiveCfg = Release|Any CPU
		{CC0C4A11-87B3-4596-B52F-4D030B975683}.Release|Any CPU.Build.0 = Release|Any CPU
		{9573F82C-6806-489E-9134-9F9BCAD36053}.Debug|Any CPU.ActiveCfg = Debug|Any CPU
		{9573F82C-6806-489E-9134-9F9BCAD36053}.Debug|Any CPU.Build.0 = Debug|Any CPU
		{9573F82C-6806-489E-9134-9F9BCAD36053}.Release|Any CPU.ActiveCfg = Release|Any CPU
		{9573F82C-6806-489E-9134-9F9BCAD36053}.Release|Any CPU.Build.0 = Release|Any CPU
		{E4EEFCC9-5EB1-4F7A-9E1B-7FEF9D399B07}.Debug|Any CPU.ActiveCfg = Debug|Any CPU
		{E4EEFCC9-5EB1-4F7A-9E1B-7FEF9D399B07}.Debug|Any CPU.Build.0 = Debug|Any CPU
		{E4EEFCC9-5EB1-4F7A-9E1B-7FEF9D399B07}.Release|Any CPU.ActiveCfg = Release|Any CPU
		{E4EEFCC9-5EB1-4F7A-9E1B-7FEF9D399B07}.Release|Any CPU.Build.0 = Release|Any CPU
		{0E4B84DD-102B-456A-82D4-2ED8E32BBE12}.Debug|Any CPU.ActiveCfg = Debug|Any CPU
		{0E4B84DD-102B-456A-82D4-2ED8E32BBE12}.Debug|Any CPU.Build.0 = Debug|Any CPU
		{0E4B84DD-102B-456A-82D4-2ED8E32BBE12}.Release|Any CPU.ActiveCfg = Release|Any CPU
		{0E4B84DD-102B-456A-82D4-2ED8E32BBE12}.Release|Any CPU.Build.0 = Release|Any CPU
		{1AE0734B-6EB4-4F2F-927E-FF3DD7788D24}.Debug|Any CPU.ActiveCfg = Debug|Any CPU
		{1AE0734B-6EB4-4F2F-927E-FF3DD7788D24}.Debug|Any CPU.Build.0 = Debug|Any CPU
		{1AE0734B-6EB4-4F2F-927E-FF3DD7788D24}.Release|Any CPU.ActiveCfg = Release|Any CPU
		{1AE0734B-6EB4-4F2F-927E-FF3DD7788D24}.Release|Any CPU.Build.0 = Release|Any CPU
		{90697C02-E443-4FE9-92CF-84F702B8169C}.Debug|Any CPU.ActiveCfg = Debug|Any CPU
		{90697C02-E443-4FE9-92CF-84F702B8169C}.Debug|Any CPU.Build.0 = Debug|Any CPU
		{90697C02-E443-4FE9-92CF-84F702B8169C}.Release|Any CPU.ActiveCfg = Release|Any CPU
		{90697C02-E443-4FE9-92CF-84F702B8169C}.Release|Any CPU.Build.0 = Release|Any CPU
		{8DDE48D6-A7A3-4CEA-9ADC-F4EE19A063EF}.Debug|Any CPU.ActiveCfg = Debug|Any CPU
		{8DDE48D6-A7A3-4CEA-9ADC-F4EE19A063EF}.Debug|Any CPU.Build.0 = Debug|Any CPU
		{8DDE48D6-A7A3-4CEA-9ADC-F4EE19A063EF}.Release|Any CPU.ActiveCfg = Release|Any CPU
		{8DDE48D6-A7A3-4CEA-9ADC-F4EE19A063EF}.Release|Any CPU.Build.0 = Release|Any CPU
		{9E85B569-DDD5-4CB0-9875-A164D95F510C}.Debug|Any CPU.ActiveCfg = Debug|Any CPU
		{9E85B569-DDD5-4CB0-9875-A164D95F510C}.Debug|Any CPU.Build.0 = Debug|Any CPU
		{9E85B569-DDD5-4CB0-9875-A164D95F510C}.Release|Any CPU.ActiveCfg = Release|Any CPU
		{9E85B569-DDD5-4CB0-9875-A164D95F510C}.Release|Any CPU.Build.0 = Release|Any CPU
		{BBEB598A-03F6-482A-B011-4339217B62D2}.Debug|Any CPU.ActiveCfg = Debug|Any CPU
		{BBEB598A-03F6-482A-B011-4339217B62D2}.Debug|Any CPU.Build.0 = Debug|Any CPU
		{BBEB598A-03F6-482A-B011-4339217B62D2}.Release|Any CPU.ActiveCfg = Release|Any CPU
		{BBEB598A-03F6-482A-B011-4339217B62D2}.Release|Any CPU.Build.0 = Release|Any CPU
		{D24C6CC3-9A5E-4AC8-8DE0-A18A0E37A098}.Debug|Any CPU.ActiveCfg = Debug|Any CPU
		{D24C6CC3-9A5E-4AC8-8DE0-A18A0E37A098}.Debug|Any CPU.Build.0 = Debug|Any CPU
		{D24C6CC3-9A5E-4AC8-8DE0-A18A0E37A098}.Release|Any CPU.ActiveCfg = Release|Any CPU
		{D24C6CC3-9A5E-4AC8-8DE0-A18A0E37A098}.Release|Any CPU.Build.0 = Release|Any CPU
		{76067D73-6A06-4B6C-A00E-D6DDABA59104}.Debug|Any CPU.ActiveCfg = Debug|Any CPU
		{76067D73-6A06-4B6C-A00E-D6DDABA59104}.Debug|Any CPU.Build.0 = Debug|Any CPU
		{76067D73-6A06-4B6C-A00E-D6DDABA59104}.Release|Any CPU.ActiveCfg = Release|Any CPU
		{76067D73-6A06-4B6C-A00E-D6DDABA59104}.Release|Any CPU.Build.0 = Release|Any CPU
		{BE261637-5BF1-422F-B809-67ABD3910DBE}.Debug|Any CPU.ActiveCfg = Debug|Any CPU
		{BE261637-5BF1-422F-B809-67ABD3910DBE}.Debug|Any CPU.Build.0 = Debug|Any CPU
		{BE261637-5BF1-422F-B809-67ABD3910DBE}.Release|Any CPU.ActiveCfg = Release|Any CPU
		{BE261637-5BF1-422F-B809-67ABD3910DBE}.Release|Any CPU.Build.0 = Release|Any CPU
		{AEB86C96-B0D1-430E-87FC-D26B3F4B7088}.Debug|Any CPU.ActiveCfg = Debug|Any CPU
		{AEB86C96-B0D1-430E-87FC-D26B3F4B7088}.Debug|Any CPU.Build.0 = Debug|Any CPU
		{AEB86C96-B0D1-430E-87FC-D26B3F4B7088}.Release|Any CPU.ActiveCfg = Release|Any CPU
		{AEB86C96-B0D1-430E-87FC-D26B3F4B7088}.Release|Any CPU.Build.0 = Release|Any CPU
		{83082F77-55F3-4BB8-A86A-9676CC1AB03A}.Debug|Any CPU.ActiveCfg = Debug|Any CPU
		{83082F77-55F3-4BB8-A86A-9676CC1AB03A}.Debug|Any CPU.Build.0 = Debug|Any CPU
		{83082F77-55F3-4BB8-A86A-9676CC1AB03A}.Release|Any CPU.ActiveCfg = Release|Any CPU
		{83082F77-55F3-4BB8-A86A-9676CC1AB03A}.Release|Any CPU.Build.0 = Release|Any CPU
		{7A35B110-6C03-475C-B2A6-E87DCAFC76BF}.Debug|Any CPU.ActiveCfg = Debug|Any CPU
		{7A35B110-6C03-475C-B2A6-E87DCAFC76BF}.Debug|Any CPU.Build.0 = Debug|Any CPU
		{7A35B110-6C03-475C-B2A6-E87DCAFC76BF}.Release|Any CPU.ActiveCfg = Release|Any CPU
		{7A35B110-6C03-475C-B2A6-E87DCAFC76BF}.Release|Any CPU.Build.0 = Release|Any CPU
		{82F6231D-4517-426E-BEBA-3BFD6E0C8C73}.Debug|Any CPU.ActiveCfg = Debug|Any CPU
		{82F6231D-4517-426E-BEBA-3BFD6E0C8C73}.Debug|Any CPU.Build.0 = Debug|Any CPU
		{82F6231D-4517-426E-BEBA-3BFD6E0C8C73}.Release|Any CPU.ActiveCfg = Release|Any CPU
		{82F6231D-4517-426E-BEBA-3BFD6E0C8C73}.Release|Any CPU.Build.0 = Release|Any CPU
		{96ED02F7-0E49-49EC-9808-1061FF9D2330}.Debug|Any CPU.ActiveCfg = Debug|Any CPU
		{96ED02F7-0E49-49EC-9808-1061FF9D2330}.Debug|Any CPU.Build.0 = Debug|Any CPU
		{96ED02F7-0E49-49EC-9808-1061FF9D2330}.Release|Any CPU.ActiveCfg = Release|Any CPU
		{96ED02F7-0E49-49EC-9808-1061FF9D2330}.Release|Any CPU.Build.0 = Release|Any CPU
		{A2945BA2-190D-4587-B348-826E4A72722B}.Debug|Any CPU.ActiveCfg = Debug|Any CPU
		{A2945BA2-190D-4587-B348-826E4A72722B}.Debug|Any CPU.Build.0 = Debug|Any CPU
		{A2945BA2-190D-4587-B348-826E4A72722B}.Release|Any CPU.ActiveCfg = Release|Any CPU
		{A2945BA2-190D-4587-B348-826E4A72722B}.Release|Any CPU.Build.0 = Release|Any CPU
		{A08F19AA-889D-428C-B6A3-C65FC776D110}.Debug|Any CPU.ActiveCfg = Debug|Any CPU
		{A08F19AA-889D-428C-B6A3-C65FC776D110}.Debug|Any CPU.Build.0 = Debug|Any CPU
		{A08F19AA-889D-428C-B6A3-C65FC776D110}.Release|Any CPU.ActiveCfg = Release|Any CPU
		{A08F19AA-889D-428C-B6A3-C65FC776D110}.Release|Any CPU.Build.0 = Release|Any CPU
		{8413F9B8-54AE-494E-A55B-60248268167B}.Debug|Any CPU.ActiveCfg = Debug|Any CPU
		{8413F9B8-54AE-494E-A55B-60248268167B}.Debug|Any CPU.Build.0 = Debug|Any CPU
		{8413F9B8-54AE-494E-A55B-60248268167B}.Release|Any CPU.ActiveCfg = Release|Any CPU
		{8413F9B8-54AE-494E-A55B-60248268167B}.Release|Any CPU.Build.0 = Release|Any CPU
		{6E149223-4684-445F-877F-69A0ABFE1DFF}.Debug|Any CPU.ActiveCfg = Debug|Any CPU
		{6E149223-4684-445F-877F-69A0ABFE1DFF}.Debug|Any CPU.Build.0 = Debug|Any CPU
		{6E149223-4684-445F-877F-69A0ABFE1DFF}.Release|Any CPU.ActiveCfg = Release|Any CPU
		{6E149223-4684-445F-877F-69A0ABFE1DFF}.Release|Any CPU.Build.0 = Release|Any CPU
	EndGlobalSection
EndGlobal
